
Microsoft Visual Studio Solution File, Format Version 12.00
# Visual Studio Version 17
VisualStudioVersion = 17.0.31903.59
MinimumVisualStudioVersion = 10.0.40219.1
Project("{FAE04EC0-301F-11D3-BF4B-00C04F79EFBC}") = "API", "API\API.csproj", "{B3C6C222-90BD-45E0-9A5F-21F1E4A52A00}"
EndProject
Project("{FAE04EC0-301F-11D3-BF4B-00C04F79EFBC}") = "Application", "Application\Application.csproj", "{7377B32E-9BF4-462A-90D1-7646D99BBCAA}"
EndProject
Project("{FAE04EC0-301F-11D3-BF4B-00C04F79EFBC}") = "Persistence", "Persistence\Persistence.csproj", "{A9E84468-29F4-41F8-A866-954F4B013B22}"
EndProject
Project("{FAE04EC0-301F-11D3-BF4B-00C04F79EFBC}") = "Domain", "Domain\Domain.csproj", "{65A32431-B753-4D12-A777-2CB8E9D61FD1}"
EndProject
Global
	GlobalSection(SolutionConfigurationPlatforms) = preSolution
		Debug|Any CPU = Debug|Any CPU
		Release|Any CPU = Release|Any CPU
	EndGlobalSection
	GlobalSection(SolutionProperties) = preSolution
		HideSolutionNode = FALSE
	EndGlobalSection
	GlobalSection(ProjectConfigurationPlatforms) = postSolution
		{B3C6C222-90BD-45E0-9A5F-21F1E4A52A00}.Debug|Any CPU.ActiveCfg = Debug|Any CPU
		{B3C6C222-90BD-45E0-9A5F-21F1E4A52A00}.Debug|Any CPU.Build.0 = Debug|Any CPU
		{B3C6C222-90BD-45E0-9A5F-21F1E4A52A00}.Release|Any CPU.ActiveCfg = Release|Any CPU
		{B3C6C222-90BD-45E0-9A5F-21F1E4A52A00}.Release|Any CPU.Build.0 = Release|Any CPU
		{7377B32E-9BF4-462A-90D1-7646D99BBCAA}.Debug|Any CPU.ActiveCfg = Debug|Any CPU
		{7377B32E-9BF4-462A-90D1-7646D99BBCAA}.Debug|Any CPU.Build.0 = Debug|Any CPU
		{7377B32E-9BF4-462A-90D1-7646D99BBCAA}.Release|Any CPU.ActiveCfg = Release|Any CPU
		{7377B32E-9BF4-462A-90D1-7646D99BBCAA}.Release|Any CPU.Build.0 = Release|Any CPU
		{A9E84468-29F4-41F8-A866-954F4B013B22}.Debug|Any CPU.ActiveCfg = Debug|Any CPU
		{A9E84468-29F4-41F8-A866-954F4B013B22}.Debug|Any CPU.Build.0 = Debug|Any CPU
		{A9E84468-29F4-41F8-A866-954F4B013B22}.Release|Any CPU.ActiveCfg = Release|Any CPU
		{A9E84468-29F4-41F8-A866-954F4B013B22}.Release|Any CPU.Build.0 = Release|Any CPU
		{65A32431-B753-4D12-A777-2CB8E9D61FD1}.Debug|Any CPU.ActiveCfg = Debug|Any CPU
		{65A32431-B753-4D12-A777-2CB8E9D61FD1}.Debug|Any CPU.Build.0 = Debug|Any CPU
		{65A32431-B753-4D12-A777-2CB8E9D61FD1}.Release|Any CPU.ActiveCfg = Release|Any CPU
		{65A32431-B753-4D12-A777-2CB8E9D61FD1}.Release|Any CPU.Build.0 = Release|Any CPU
	EndGlobalSection
EndGlobal
